<?xml version="1.0" encoding="utf-8"?>
<Project ToolsVersion="4.0" xmlns="http://schemas.microsoft.com/developer/msbuild/2003">
  <ItemGroup>
    <Filter Include="リソース ファイル">
      <UniqueIdentifier>{67DA6AB6-F800-4c08-8B7A-83BB121AAD01}</UniqueIdentifier>
      <Extensions>rc;ico;cur;bmp;dlg;rc2;rct;bin;rgs;gif;jpg;jpeg;jpe;resx;tiff;tif;png;wav;mfcribbon-ms</Extensions>
    </Filter>
    <Filter Include="Components">
      <UniqueIdentifier>{5ce9b2c9-9f20-483e-a3f6-d5448b212ef1}</UniqueIdentifier>
    </Filter>
    <Filter Include="Components\AI">
      <UniqueIdentifier>{7bbe8dca-b8c2-4569-b18b-a68b68ffad64}</UniqueIdentifier>
    </Filter>
    <Filter Include="Polygon">
      <UniqueIdentifier>{bd58d0a0-a4d1-4f2f-9d2c-bc10ea4c3770}</UniqueIdentifier>
    </Filter>
    <Filter Include="Shaders">
      <UniqueIdentifier>{9388e102-fdbd-4804-9987-0d097b2e11f6}</UniqueIdentifier>
    </Filter>
    <Filter Include="GameObjects">
      <UniqueIdentifier>{dc039731-891d-41d4-b332-5f2fbef74eba}</UniqueIdentifier>
    </Filter>
    <Filter Include="Utilities">
      <UniqueIdentifier>{3a9376c7-fef7-4388-afe1-497efdea5588}</UniqueIdentifier>
    </Filter>
    <Filter Include="Singletons">
      <UniqueIdentifier>{08dfdc35-4c16-4c6d-bee7-37187188e0e1}</UniqueIdentifier>
    </Filter>
    <Filter Include="Components\Debug">
      <UniqueIdentifier>{933dcdbe-f7b1-4d03-8210-164f05b7623c}</UniqueIdentifier>
    </Filter>
  </ItemGroup>
  <ItemGroup>
    <ClCompile Include="Main.cpp" />
    <ClCompile Include="Game.cpp" />
    <ClCompile Include="Components\Component.cpp">
      <Filter>Components</Filter>
    </ClCompile>
    <ClCompile Include="Components\SpriteComponent.cpp">
      <Filter>Components</Filter>
    </ClCompile>
    <ClCompile Include="Components\AI\AICompoennt.cpp">
      <Filter>Components\AI</Filter>
    </ClCompile>
    <ClCompile Include="Components\AI\AIState.cpp">
      <Filter>Components\AI</Filter>
    </ClCompile>
    <ClCompile Include="Polygon\VertexArray.cpp">
      <Filter>Polygon</Filter>
    </ClCompile>
    <ClCompile Include="Math.cpp" />
    <ClCompile Include="Utilities\Frame.cpp">
      <Filter>Utilities</Filter>
    </ClCompile>
    <ClCompile Include="Utilities\Input.cpp">
      <Filter>Utilities</Filter>
    </ClCompile>
    <ClCompile Include="Utilities\Texture.cpp">
      <Filter>Utilities</Filter>
    </ClCompile>
    <ClCompile Include="GameObjects\GameObject.cpp">
      <Filter>GameObjects</Filter>
    </ClCompile>
    <ClCompile Include="GameObjects\Player.cpp">
      <Filter>GameObjects</Filter>
    </ClCompile>
    <ClCompile Include="Components\TileMapSpriteComponent.cpp">
      <Filter>Components</Filter>
    </ClCompile>
    <ClCompile Include="GameObjects\TileMap.cpp">
      <Filter>GameObjects</Filter>
    </ClCompile>
    <ClCompile Include="Components\CameraComponent.cpp">
      <Filter>Components</Filter>
    </ClCompile>
    <ClCompile Include="GameObjects\Camera.cpp">
      <Filter>GameObjects</Filter>
    </ClCompile>
    <ClCompile Include="Components\FollowCameraComponent.cpp">
      <Filter>Components</Filter>
    </ClCompile>
    <ClCompile Include="Utilities\Shader.cpp">
      <Filter>Utilities</Filter>
    </ClCompile>
    <ClCompile Include="Singletons\ShaderManager.cpp">
      <Filter>Singletons</Filter>
    </ClCompile>
    <ClCompile Include="Components\TileMapComponent.cpp">
      <Filter>Components</Filter>
    </ClCompile>
    <ClCompile Include="Utilities\Collision2D.cpp">
      <Filter>Utilities</Filter>
    </ClCompile>
    <ClCompile Include="Components\BoxComponent2D.cpp">
      <Filter>Components</Filter>
    </ClCompile>
    <ClCompile Include="PhysWorld2D.cpp" />
    <ClCompile Include="Renderer.cpp" />
    <ClCompile Include="Components\Debug\DebugDrawComponent.cpp">
      <Filter>Components\Debug</Filter>
    </ClCompile>
    <ClCompile Include="GameObjects\TestObject.cpp">
      <Filter>GameObjects</Filter>
    </ClCompile>
    <ClCompile Include="GameObjects\StaticObject.cpp">
      <Filter>GameObjects</Filter>
    </ClCompile>
    <ClCompile Include="GameObjects\DynamicObject.cpp">
      <Filter>GameObjects</Filter>
    </ClCompile>
    <ClCompile Include="Components\RigidbodyComponent.cpp">
      <Filter>Components</Filter>
    </ClCompile>
    <ClCompile Include="Components\MoveInputComponent.cpp">
      <Filter>Components</Filter>
    </ClCompile>
    <ClCompile Include="Components\CapsuleComponent.cpp">
      <Filter>Components</Filter>
    </ClCompile>
  </ItemGroup>
  <ItemGroup>
    <ClInclude Include="Game.h" />
    <ClInclude Include="Components\Component.h">
      <Filter>Components</Filter>
    </ClInclude>
    <ClInclude Include="Components\SpriteComponent.h">
      <Filter>Components</Filter>
    </ClInclude>
    <ClInclude Include="Components\AI\AICompoennt.h">
      <Filter>Components\AI</Filter>
    </ClInclude>
    <ClInclude Include="Components\AI\AIState.h">
      <Filter>Components\AI</Filter>
    </ClInclude>
    <ClInclude Include="Math.h" />
    <ClInclude Include="Utilities\Frame.h">
      <Filter>Utilities</Filter>
    </ClInclude>
    <ClInclude Include="Utilities\Input.h">
      <Filter>Utilities</Filter>
    </ClInclude>
    <ClInclude Include="Utilities\Texture.h">
      <Filter>Utilities</Filter>
    </ClInclude>
    <ClInclude Include="GameObjects\GameObject.h">
      <Filter>GameObjects</Filter>
    </ClInclude>
    <ClInclude Include="GameObjects\Player.h">
      <Filter>GameObjects</Filter>
    </ClInclude>
    <ClInclude Include="Components\TileMapSpriteComponent.h">
      <Filter>Components</Filter>
    </ClInclude>
    <ClInclude Include="GameObjects\TileMap.h">
      <Filter>GameObjects</Filter>
    </ClInclude>
    <ClInclude Include="Components\CameraComponent.h">
      <Filter>Components</Filter>
    </ClInclude>
    <ClInclude Include="GameObjects\Camera.h">
      <Filter>GameObjects</Filter>
    </ClInclude>
    <ClInclude Include="Components\FollowCameraComponent.h">
      <Filter>Components</Filter>
    </ClInclude>
    <ClInclude Include="Utilities\Shader.h">
      <Filter>Utilities</Filter>
    </ClInclude>
    <ClInclude Include="Singletons\ShaderManager.h">
      <Filter>Singletons</Filter>
    </ClInclude>
    <ClInclude Include="Components\TileMapComponent.h">
      <Filter>Components</Filter>
    </ClInclude>
    <ClInclude Include="Utilities\Collision2D.h">
      <Filter>Utilities</Filter>
    </ClInclude>
    <ClInclude Include="Components\BoxComponent2D.h">
      <Filter>Components</Filter>
    </ClInclude>
    <ClInclude Include="PhysWorld2D.h" />
    <ClInclude Include="Renderer.h" />
    <ClInclude Include="Components\Debug\DebugDrawComponent.h">
      <Filter>Components\Debug</Filter>
    </ClInclude>
    <ClInclude Include="GameObjects\TestObject.h">
      <Filter>GameObjects</Filter>
    </ClInclude>
    <ClInclude Include="GameObjects\StaticObject.h">
      <Filter>GameObjects</Filter>
    </ClInclude>
    <ClInclude Include="GameObjects\DynamicObject.h">
      <Filter>GameObjects</Filter>
    </ClInclude>
    <ClInclude Include="Components\RigidbodyComponent.h">
      <Filter>Components</Filter>
    </ClInclude>
    <ClInclude Include="Components\MoveInputComponent.h">
      <Filter>Components</Filter>
    </ClInclude>
    <ClInclude Include="Components\CapsuleComponent.h">
      <Filter>Components</Filter>
    </ClInclude>
  </ItemGroup>
  <ItemGroup>
    <None Include="Polygon\VertexArray.h">
      <Filter>Polygon</Filter>
    </None>
    <None Include="Shaders\Basic.vert">
      <Filter>Shaders</Filter>
    </None>
    <None Include="Shaders\Basic.frag">
      <Filter>Shaders</Filter>
    </None>
    <None Include="Shaders\Transform.vert">
      <Filter>Shaders</Filter>
    </None>
    <None Include="Shaders\Sprite.vert">
      <Filter>Shaders</Filter>
    </None>
    <None Include="Shaders\Sprite.frag">
      <Filter>Shaders</Filter>
    </None>
    <None Include="Shaders\Lighting.frag">
      <Filter>Shaders</Filter>
    </None>
    <None Include="Shaders\Lighting.vert">
      <Filter>Shaders</Filter>
    </None>
    <None Include="Shaders\TileMap.vert">
      <Filter>Shaders</Filter>
    </None>
    <None Include="Shaders\TileMap.frag">
      <Filter>Shaders</Filter>
    </None>
    <None Include="Shaders\Line.frag">
      <Filter>Shaders</Filter>
    </None>
    <None Include="Shaders\Line.vert">
      <Filter>Shaders</Filter>
    </None>
    <None Include="Shaders\Bloom.frag">
      <Filter>Shaders</Filter>
    </None>
    <None Include="Shaders\Bloom.vert">
      <Filter>Shaders</Filter>
    </None>
    <None Include="Shaders\BlurBloom.frag">
      <Filter>Shaders</Filter>
    </None>
  </ItemGroup>
</Project>