<?xml version="1.0" encoding="utf-8"?>
<Project ToolsVersion="4.0" xmlns="http://schemas.microsoft.com/developer/msbuild/2003">
  <ItemGroup>
    <Filter Include="リソース ファイル">
      <UniqueIdentifier>{67DA6AB6-F800-4c08-8B7A-83BB121AAD01}</UniqueIdentifier>
      <Extensions>rc;ico;cur;bmp;dlg;rc2;rct;bin;rgs;gif;jpg;jpeg;jpe;resx;tiff;tif;png;wav;mfcribbon-ms</Extensions>
    </Filter>
    <Filter Include="Components">
      <UniqueIdentifier>{5ce9b2c9-9f20-483e-a3f6-d5448b212ef1}</UniqueIdentifier>
    </Filter>
    <Filter Include="Components\AI">
      <UniqueIdentifier>{7bbe8dca-b8c2-4569-b18b-a68b68ffad64}</UniqueIdentifier>
    </Filter>
    <Filter Include="GameObjects">
      <UniqueIdentifier>{dc039731-891d-41d4-b332-5f2fbef74eba}</UniqueIdentifier>
    </Filter>
    <Filter Include="Components\Camera">
      <UniqueIdentifier>{02fff3cb-dc7e-4a9e-a5fd-9c17074f045d}</UniqueIdentifier>
    </Filter>
    <Filter Include="Components\Draw">
      <UniqueIdentifier>{bb99d66b-e8d2-4756-a25c-0c9a0513237e}</UniqueIdentifier>
    </Filter>
    <Filter Include="Components\Phys">
      <UniqueIdentifier>{aaf5f3e7-0ff8-401a-906b-9525dea5da03}</UniqueIdentifier>
    </Filter>
    <Filter Include="Renderer">
      <UniqueIdentifier>{bd58d0a0-a4d1-4f2f-9d2c-bc10ea4c3770}</UniqueIdentifier>
    </Filter>
    <Filter Include="Core">
      <UniqueIdentifier>{73e4ebbd-c3c3-4660-922d-48b7abc1fe21}</UniqueIdentifier>
    </Filter>
    <Filter Include="GameObjects\UI">
      <UniqueIdentifier>{502d2382-dd37-4de8-8cf9-f145ad656910}</UniqueIdentifier>
    </Filter>
    <Filter Include="Components\Audio">
      <UniqueIdentifier>{46b96bae-855a-40e6-9b6f-9e2245c7e32a}</UniqueIdentifier>
    </Filter>
    <Filter Include="Audio">
      <UniqueIdentifier>{33ee4055-5758-44a7-adbb-a1c02bf5f903}</UniqueIdentifier>
    </Filter>
    <Filter Include="Core\Resouces">
      <UniqueIdentifier>{d05e583e-1192-4480-be6f-21919db94abd}</UniqueIdentifier>
    </Filter>
    <Filter Include="Core\Events">
      <UniqueIdentifier>{b857b81b-90c4-43d1-a063-833f56b1d9e6}</UniqueIdentifier>
    </Filter>
    <Filter Include="Core\Utilities">
      <UniqueIdentifier>{e17d4d1f-cfe5-480c-a075-916065c6a2a0}</UniqueIdentifier>
    </Filter>
    <Filter Include="Physics">
      <UniqueIdentifier>{f82e81dd-1361-4013-947a-483839290552}</UniqueIdentifier>
    </Filter>
    <Filter Include="Components\Light">
      <UniqueIdentifier>{d9735079-c436-4812-9de8-bf5d18d8c70b}</UniqueIdentifier>
    </Filter>
    <Filter Include="Examples">
      <UniqueIdentifier>{3fa076a7-70d1-479a-b839-0c15cbd36f20}</UniqueIdentifier>
    </Filter>
    <Filter Include="Examples\Game">
      <UniqueIdentifier>{1443cf27-9d00-4afd-85bc-f8df029c0fcf}</UniqueIdentifier>
    </Filter>
    <Filter Include="Examples\Game\Test">
      <UniqueIdentifier>{5fee42c2-3924-4902-b7ef-1031512b805e}</UniqueIdentifier>
    </Filter>
    <Filter Include="Examples\Game\Title">
      <UniqueIdentifier>{8607734f-cc31-485e-9934-dc34686706aa}</UniqueIdentifier>
    </Filter>
    <Filter Include="Input">
      <UniqueIdentifier>{d57b60fc-6e6c-429e-8cc5-59cedc18b6ba}</UniqueIdentifier>
    </Filter>
    <Filter Include="Examples\Game\2DScroll">
      <UniqueIdentifier>{645404c5-1759-4009-aab7-709b06d6ac9a}</UniqueIdentifier>
    </Filter>
  </ItemGroup>
  <ItemGroup>
    <ClCompile Include="src\Components\AI\AICompoennt.cpp">
      <Filter>Components\AI</Filter>
    </ClCompile>
    <ClCompile Include="src\Components\AI\AIState.cpp">
      <Filter>Components\AI</Filter>
    </ClCompile>
    <ClCompile Include="src\Components\Draw\AnimationComponent.cpp">
      <Filter>Components\Draw</Filter>
    </ClCompile>
    <ClCompile Include="src\Components\Audio\AudioComponent.cpp">
      <Filter>Components\Audio</Filter>
    </ClCompile>
    <ClCompile Include="src\Components\Camera\FollowCameraComponent.cpp">
      <Filter>Components\Camera</Filter>
    </ClCompile>
    <ClCompile Include="src\Components\Camera\CameraComponent.cpp">
      <Filter>Components\Camera</Filter>
    </ClCompile>
    <ClCompile Include="src\Components\Physics\BoxComponent2D.cpp">
      <Filter>Components\Phys</Filter>
    </ClCompile>
    <ClCompile Include="src\Audio\AudioSystem.cpp">
      <Filter>Audio</Filter>
    </ClCompile>
    <ClCompile Include="src\Core\FrameSystem.cpp">
      <Filter>Core</Filter>
    </ClCompile>
    <ClCompile Include="src\Core\Resources\Font.cpp">
      <Filter>Core\Resouces</Filter>
    </ClCompile>
    <ClCompile Include="src\Components\Draw\SpriteComponent.cpp">
      <Filter>Components\Draw</Filter>
    </ClCompile>
    <ClCompile Include="src\Components\Draw\TextComponent.cpp">
      <Filter>Components\Draw</Filter>
    </ClCompile>
    <ClCompile Include="src\Components\Draw\DebugDrawComponent.cpp">
      <Filter>Components\Draw</Filter>
    </ClCompile>
    <ClCompile Include="src\Core\GameObject.cpp">
      <Filter>Core</Filter>
    </ClCompile>
    <ClCompile Include="src\Components\Physics\MoveInputComponent.cpp">
      <Filter>Components\Phys</Filter>
    </ClCompile>
    <ClCompile Include="src\Renderer\Renderer.cpp">
      <Filter>Renderer</Filter>
    </ClCompile>
    <ClCompile Include="src\Renderer\Shader.cpp">
      <Filter>Renderer</Filter>
    </ClCompile>
    <ClCompile Include="src\Renderer\VertexArray.cpp">
      <Filter>Renderer</Filter>
    </ClCompile>
    <ClCompile Include="src\Core\SubScene.cpp">
      <Filter>Core</Filter>
    </ClCompile>
    <ClCompile Include="src\Core\Scene.cpp">
      <Filter>Core</Filter>
    </ClCompile>
    <ClCompile Include="src\Core\UIScene.cpp">
      <Filter>Core</Filter>
    </ClCompile>
    <ClCompile Include="src\Components\Physics\RigidbodyComponent.cpp">
      <Filter>Components\Phys</Filter>
    </ClCompile>
    <ClCompile Include="src\Physics\Collision2D.cpp">
      <Filter>Physics</Filter>
    </ClCompile>
    <ClCompile Include="src\Physics\PhysWorld2D.cpp">
      <Filter>Physics</Filter>
    </ClCompile>
    <ClCompile Include="src\Core\SceneManager.cpp">
      <Filter>Core</Filter>
    </ClCompile>
    <ClCompile Include="src\Core\Main.cpp">
      <Filter>Core</Filter>
    </ClCompile>
    <ClCompile Include="src\Core\Game.cpp">
      <Filter>Core</Filter>
    </ClCompile>
    <ClCompile Include="src\Core\Component.cpp">
      <Filter>Core</Filter>
    </ClCompile>
    <ClCompile Include="src\Audio\SoundEvent.cpp">
      <Filter>Audio</Filter>
    </ClCompile>
    <ClCompile Include="src\Core\Utilities\Math.cpp">
      <Filter>Core\Utilities</Filter>
    </ClCompile>
    <ClCompile Include="src\Core\MainScene.cpp">
      <Filter>Core</Filter>
    </ClCompile>
    <ClCompile Include="src\Components\Light\LightComponent.cpp">
      <Filter>Components\Light</Filter>
    </ClCompile>
    <ClCompile Include="src\Input\InputSystem.cpp">
      <Filter>Input</Filter>
    </ClCompile>
    <ClCompile Include="src\Input\InputAction.cpp">
      <Filter>Input</Filter>
    </ClCompile>
    <ClCompile Include="src\Core\Resources\Texture.cpp">
      <Filter>Core\Resouces</Filter>
    </ClCompile>
    <ClCompile Include="src\Core\Resources\TileMap.cpp">
      <Filter>Core\Resouces</Filter>
    </ClCompile>
    <ClCompile Include="src\GameObjects\Camera.cpp">
      <Filter>GameObjects</Filter>
    </ClCompile>
    <ClCompile Include="src\GameObjects\UI\Text.cpp">
      <Filter>GameObjects\UI</Filter>
    </ClCompile>
    <ClCompile Include="src\GameObjects\UI\DataText.cpp">
      <Filter>GameObjects\UI</Filter>
    </ClCompile>
    <ClCompile Include="src\GameObjects\UI\Button.cpp">
      <Filter>GameObjects\UI</Filter>
    </ClCompile>
    <ClCompile Include="src\Examples\Game\2DScroll\GameMainScene.cpp">
      <Filter>Examples\Game\2DScroll</Filter>
    </ClCompile>
    <ClCompile Include="src\Examples\Game\2DScroll\Player.cpp">
      <Filter>Examples\Game\2DScroll</Filter>
    </ClCompile>
    <ClCompile Include="src\Examples\Game\2DScroll\PlaySubScene.cpp">
      <Filter>Examples\Game\2DScroll</Filter>
    </ClCompile>
  </ItemGroup>
  <ItemGroup>
    <ClInclude Include="include\LarvaEngine\Components\AI\AICompoennt.h">
      <Filter>Components\AI</Filter>
    </ClInclude>
    <ClInclude Include="include\LarvaEngine\Components\AI\AIState.h">
      <Filter>Components\AI</Filter>
    </ClInclude>
    <ClInclude Include="include\LarvaEngine\Components\Draw\AnimationComponent.h">
      <Filter>Components\Draw</Filter>
    </ClInclude>
    <ClInclude Include="include\LarvaEngine\Components\Audio\AudioComponent.h">
      <Filter>Components\Audio</Filter>
    </ClInclude>
    <ClInclude Include="include\LarvaEngine\Components\Camera\FollowCameraComponent.h">
      <Filter>Components\Camera</Filter>
    </ClInclude>
    <ClInclude Include="include\LarvaEngine\Components\Camera\CameraComponent.h">
      <Filter>Components\Camera</Filter>
    </ClInclude>
    <ClInclude Include="include\LarvaEngine\Components\Physics\BoxComponent2D.h">
      <Filter>Components\Phys</Filter>
    </ClInclude>
    <ClInclude Include="include\LarvaEngine\Core\Resources\AssetManager.h">
      <Filter>Core\Resouces</Filter>
    </ClInclude>
    <ClInclude Include="include\LarvaEngine\Audio\AudioSystem.h">
      <Filter>Audio</Filter>
    </ClInclude>
    <ClInclude Include="include\LarvaEngine\Core\FrameSystem.h">
      <Filter>Core</Filter>
    </ClInclude>
    <ClInclude Include="include\LarvaEngine\Core\Resources\Font.h">
      <Filter>Core\Resouces</Filter>
    </ClInclude>
    <ClInclude Include="include\LarvaEngine\Core\Resources\Texture.h">
      <Filter>Core\Resouces</Filter>
    </ClInclude>
    <ClInclude Include="include\LarvaEngine\Components\Draw\SpriteComponent.h">
      <Filter>Components\Draw</Filter>
    </ClInclude>
    <ClInclude Include="include\LarvaEngine\Components\Draw\TextComponent.h">
      <Filter>Components\Draw</Filter>
    </ClInclude>
    <ClInclude Include="include\LarvaEngine\Components\Draw\DebugDrawComponent.h">
      <Filter>Components\Draw</Filter>
    </ClInclude>
    <ClInclude Include="include\LarvaEngine\Core\GameObject.h">
      <Filter>Core</Filter>
    </ClInclude>
    <ClInclude Include="include\LarvaEngine\Components\Physics\MoveInputComponent.h">
      <Filter>Components\Phys</Filter>
    </ClInclude>
    <ClInclude Include="include\LarvaEngine\Renderer\Renderer.h">
      <Filter>Renderer</Filter>
    </ClInclude>
    <ClInclude Include="include\LarvaEngine\Renderer\Shader.h">
      <Filter>Renderer</Filter>
    </ClInclude>
    <ClInclude Include="include\LarvaEngine\Renderer\VertexArray.h">
      <Filter>Renderer</Filter>
    </ClInclude>
    <ClInclude Include="include\LarvaEngine\Core\SubScene.h">
      <Filter>Core</Filter>
    </ClInclude>
    <ClInclude Include="include\LarvaEngine\Core\Scene.h">
      <Filter>Core</Filter>
    </ClInclude>
    <ClInclude Include="include\LarvaEngine\Core\UIScene.h">
      <Filter>Core</Filter>
    </ClInclude>
    <ClInclude Include="include\LarvaEngine\Components\Physics\RigidbodyComponent.h">
      <Filter>Components\Phys</Filter>
    </ClInclude>
    <ClInclude Include="include\LarvaEngine\Physics\Collision2D.h">
      <Filter>Physics</Filter>
    </ClInclude>
    <ClInclude Include="include\LarvaEngine\Physics\PhysWorld2D.h">
      <Filter>Physics</Filter>
    </ClInclude>
    <ClInclude Include="include\LarvaEngine\Core\SceneManager.h">
      <Filter>Core</Filter>
    </ClInclude>
    <ClInclude Include="include\LarvaEngine\Core\Game.h">
      <Filter>Core</Filter>
    </ClInclude>
    <ClInclude Include="include\LarvaEngine\Core\Component.h">
      <Filter>Core</Filter>
    </ClInclude>
    <ClInclude Include="include\LarvaEngine\Audio\SoundEvent.h">
      <Filter>Audio</Filter>
    </ClInclude>
    <ClInclude Include="include\LarvaEngine\Core\Utilities\Math.h">
      <Filter>Core\Utilities</Filter>
    </ClInclude>
    <ClInclude Include="include\LarvaEngine\Core\MainScene.h">
      <Filter>Core</Filter>
    </ClInclude>
    <ClInclude Include="include\LarvaEngine\Core\Utilities\DataTypes.h">
      <Filter>Core\Utilities</Filter>
    </ClInclude>
    <ClInclude Include="include\LarvaEngine\Components\Light\LightComponent.h">
      <Filter>Components\Light</Filter>
    </ClInclude>
    <ClInclude Include="include\LarvaEngine\Input\InputSystem.h">
      <Filter>Input</Filter>
    </ClInclude>
    <ClInclude Include="include\LarvaEngine\Input\InputCode.h">
      <Filter>Input</Filter>
    </ClInclude>
    <ClInclude Include="include\LarvaEngine\Input\InputAction.h">
      <Filter>Input</Filter>
    </ClInclude>
    <ClInclude Include="include\LarvaEngine\Core\Resources\TileMap.h">
      <Filter>Core\Resouces</Filter>
    </ClInclude>
    <ClInclude Include="include\LarvaEngine\GameObjects\Camera.h">
      <Filter>GameObjects</Filter>
    </ClInclude>
    <ClInclude Include="include\LarvaEngine\GameObjects\UI\Text.h">
      <Filter>GameObjects\UI</Filter>
    </ClInclude>
    <ClInclude Include="include\LarvaEngine\GameObjects\UI\DataText.h">
      <Filter>GameObjects\UI</Filter>
    </ClInclude>
    <ClInclude Include="include\LarvaEngine\GameObjects\UI\Button.h">
      <Filter>GameObjects\UI</Filter>
    </ClInclude>
    <ClInclude Include="include\LarvaEngine\Examples\Game\2DScroll\GameMainScene.h">
      <Filter>Examples\Game\2DScroll</Filter>
    </ClInclude>
    <ClInclude Include="include\LarvaEngine\Examples\Game\2DScroll\Player.h">
      <Filter>Examples\Game\2DScroll</Filter>
    </ClInclude>
    <ClInclude Include="include\LarvaEngine\Examples\Game\2DScroll\PlaySubScene.h">
      <Filter>Examples\Game\2DScroll</Filter>
    </ClInclude>
  </ItemGroup>
</Project>